
Microsoft Visual Studio Solution File, Format Version 12.00
# Visual Studio Version 17
VisualStudioVersion = 17.9.34616.47
MinimumVisualStudioVersion = 10.0.40219.1
Project("{8BC9CEB8-8B4A-11D0-8D11-00A0C91BC942}") = "PointerdanFreindclass", "PointerdanFreindclass\PointerdanFreindclass.vcxproj", "{590788BE-6CD3-40F1-81ED-83001A9F41EA}"
EndProject
Project("{8BC9CEB8-8B4A-11D0-8D11-00A0C91BC942}") = "pointer newfreind", "pointer newfreind\pointer newfreind.vcxproj", "{70902517-1633-4E80-9DA8-D3DF0F1477EB}"
EndProject
Project("{8BC9CEB8-8B4A-11D0-8D11-00A0C91BC942}") = "freind class", "freind class\freind class.vcxproj", "{C8FADCB6-6BB8-46D8-8865-445D0D44CC3B}"
EndProject
Global
	GlobalSection(SolutionConfigurationPlatforms) = preSolution
		Debug|x64 = Debug|x64
		Debug|x86 = Debug|x86
		Release|x64 = Release|x64
		Release|x86 = Release|x86
	EndGlobalSection
	GlobalSection(ProjectConfigurationPlatforms) = postSolution
		{590788BE-6CD3-40F1-81ED-83001A9F41EA}.Debug|x64.ActiveCfg = Debug|x64
		{590788BE-6CD3-40F1-81ED-83001A9F41EA}.Debug|x64.Build.0 = Debug|x64
		{590788BE-6CD3-40F1-81ED-83001A9F41EA}.Debug|x86.ActiveCfg = Debug|Win32
		{590788BE-6CD3-40F1-81ED-83001A9F41EA}.Debug|x86.Build.0 = Debug|Win32
		{590788BE-6CD3-40F1-81ED-83001A9F41EA}.Release|x64.ActiveCfg = Release|x64
		{590788BE-6CD3-40F1-81ED-83001A9F41EA}.Release|x64.Build.0 = Release|x64
		{590788BE-6CD3-40F1-81ED-83001A9F41EA}.Release|x86.ActiveCfg = Release|Win32
		{590788BE-6CD3-40F1-81ED-83001A9F41EA}.Release|x86.Build.0 = Release|Win32
		{70902517-1633-4E80-9DA8-D3DF0F1477EB}.Debug|x64.ActiveCfg = Debug|x64
		{70902517-1633-4E80-9DA8-D3DF0F1477EB}.Debug|x64.Build.0 = Debug|x64
		{70902517-1633-4E80-9DA8-D3DF0F1477EB}.Debug|x86.ActiveCfg = Debug|Win32
		{70902517-1633-4E80-9DA8-D3DF0F1477EB}.Debug|x86.Build.0 = Debug|Win32
		{70902517-1633-4E80-9DA8-D3DF0F1477EB}.Release|x64.ActiveCfg = Release|x64
		{70902517-1633-4E80-9DA8-D3DF0F1477EB}.Release|x64.Build.0 = Release|x64
		{70902517-1633-4E80-9DA8-D3DF0F1477EB}.Release|x86.ActiveCfg = Release|Win32
		{70902517-1633-4E80-9DA8-D3DF0F1477EB}.Release|x86.Build.0 = Release|Win32
		{C8FADCB6-6BB8-46D8-8865-445D0D44CC3B}.Debug|x64.ActiveCfg = Debug|x64
		{C8FADCB6-6BB8-46D8-8865-445D0D44CC3B}.Debug|x64.Build.0 = Debug|x64
		{C8FADCB6-6BB8-46D8-8865-445D0D44CC3B}.Debug|x86.ActiveCfg = Debug|Win32
		{C8FADCB6-6BB8-46D8-8865-445D0D44CC3B}.Debug|x86.Build.0 = Debug|Win32
		{C8FADCB6-6BB8-46D8-8865-445D0D44CC3B}.Release|x64.ActiveCfg = Release|x64
		{C8FADCB6-6BB8-46D8-8865-445D0D44CC3B}.Release|x64.Build.0 = Release|x64
		{C8FADCB6-6BB8-46D8-8865-445D0D44CC3B}.Release|x86.ActiveCfg = Release|Win32
		{C8FADCB6-6BB8-46D8-8865-445D0D44CC3B}.Release|x86.Build.0 = Release|Win32
	EndGlobalSection
	GlobalSection(SolutionProperties) = preSolution
		HideSolutionNode = FALSE
	EndGlobalSection
	GlobalSection(ExtensibilityGlobals) = postSolution
		SolutionGuid = {AF657EFF-3615-46CC-AC4F-AA08C1703F38}
	EndGlobalSection
EndGlobal
